
Microsoft Visual Studio Solution File, Format Version 12.00
# Visual Studio Version 17
VisualStudioVersion = 17.10.35122.118
MinimumVisualStudioVersion = 10.0.40219.1
Project("{FAE04EC0-301F-11D3-BF4B-00C04F79EFBC}") = "Blog.Web", "Blog.Web\Blog.Web.csproj", "{A2E0A580-6806-405A-A873-7F4F5A4474A0}"
EndProject
Project("{FAE04EC0-301F-11D3-BF4B-00C04F79EFBC}") = "Blog.EntityLayer", "Blog.EntityLayer\Blog.EntityLayer.csproj", "{DF691105-014D-4326-884C-68D43C2CD8DB}"
EndProject
Project("{FAE04EC0-301F-11D3-BF4B-00C04F79EFBC}") = "Blog.DataLayer", "Blog.DataLayer\Blog.DataLayer.csproj", "{C7B57208-C2F2-4993-B4C0-BDF15334E1E4}"
EndProject
Project("{FAE04EC0-301F-11D3-BF4B-00C04F79EFBC}") = "Blog.ServiceLayer", "Blog.ServiceLayer\Blog.ServiceLayer.csproj", "{DC29FF40-E576-41DF-8B81-F756CDD1419E}"
EndProject
Project("{FAE04EC0-301F-11D3-BF4B-00C04F79EFBC}") = "Blog.Core", "Blog.Core\Blog.Core.csproj", "{B2FC762A-2DFC-43F6-8DFC-537D2774136F}"
EndProject
Global
	GlobalSection(SolutionConfigurationPlatforms) = preSolution
		Debug|Any CPU = Debug|Any CPU
		Release|Any CPU = Release|Any CPU
	EndGlobalSection
	GlobalSection(ProjectConfigurationPlatforms) = postSolution
		{A2E0A580-6806-405A-A873-7F4F5A4474A0}.Debug|Any CPU.ActiveCfg = Debug|Any CPU
		{A2E0A580-6806-405A-A873-7F4F5A4474A0}.Debug|Any CPU.Build.0 = Debug|Any CPU
		{A2E0A580-6806-405A-A873-7F4F5A4474A0}.Release|Any CPU.ActiveCfg = Release|Any CPU
		{A2E0A580-6806-405A-A873-7F4F5A4474A0}.Release|Any CPU.Build.0 = Release|Any CPU
		{DF691105-014D-4326-884C-68D43C2CD8DB}.Debug|Any CPU.ActiveCfg = Debug|Any CPU
		{DF691105-014D-4326-884C-68D43C2CD8DB}.Debug|Any CPU.Build.0 = Debug|Any CPU
		{DF691105-014D-4326-884C-68D43C2CD8DB}.Release|Any CPU.ActiveCfg = Release|Any CPU
		{DF691105-014D-4326-884C-68D43C2CD8DB}.Release|Any CPU.Build.0 = Release|Any CPU
		{C7B57208-C2F2-4993-B4C0-BDF15334E1E4}.Debug|Any CPU.ActiveCfg = Debug|Any CPU
		{C7B57208-C2F2-4993-B4C0-BDF15334E1E4}.Debug|Any CPU.Build.0 = Debug|Any CPU
		{C7B57208-C2F2-4993-B4C0-BDF15334E1E4}.Release|Any CPU.ActiveCfg = Release|Any CPU
		{C7B57208-C2F2-4993-B4C0-BDF15334E1E4}.Release|Any CPU.Build.0 = Release|Any CPU
		{DC29FF40-E576-41DF-8B81-F756CDD1419E}.Debug|Any CPU.ActiveCfg = Debug|Any CPU
		{DC29FF40-E576-41DF-8B81-F756CDD1419E}.Debug|Any CPU.Build.0 = Debug|Any CPU
		{DC29FF40-E576-41DF-8B81-F756CDD1419E}.Release|Any CPU.ActiveCfg = Release|Any CPU
		{DC29FF40-E576-41DF-8B81-F756CDD1419E}.Release|Any CPU.Build.0 = Release|Any CPU
		{B2FC762A-2DFC-43F6-8DFC-537D2774136F}.Debug|Any CPU.ActiveCfg = Debug|Any CPU
		{B2FC762A-2DFC-43F6-8DFC-537D2774136F}.Debug|Any CPU.Build.0 = Debug|Any CPU
		{B2FC762A-2DFC-43F6-8DFC-537D2774136F}.Release|Any CPU.ActiveCfg = Release|Any CPU
		{B2FC762A-2DFC-43F6-8DFC-537D2774136F}.Release|Any CPU.Build.0 = Release|Any CPU
	EndGlobalSection
	GlobalSection(SolutionProperties) = preSolution
		HideSolutionNode = FALSE
	EndGlobalSection
	GlobalSection(ExtensibilityGlobals) = postSolution
		SolutionGuid = {B361609F-DE29-4A6F-9913-D6C41783D924}
	EndGlobalSection
EndGlobal
